# THIS IS AN AUTOGENERATED FILE. DO NOT EDIT THIS FILE DIRECTLY.
# yarn lockfile v1


"@nger/cli.json@^0.0.1":
  version "0.0.1"
  resolved "http://10.0.0.202:9008/@nger%2fcli.json/-/cli.json-0.0.1.tgz#a1651b6ed2f852016d2e15d50a1c6a240aa4edc9"
  integrity sha512-alkFV+etmjvpZD8Up+GBX2axhcpNZPti+BCs9zDoBGYcsXVvwpoEqFg6A7dRiznyH/OwIkxgdS72Gz6HzR2L/w==
  dependencies:
    "@types/ajv" "^1.0.0"
    ajv "^6.10.2"

"@nger/cli.logger@^0.0.2":
  version "0.0.2"
  resolved "http://10.0.0.202:9008/@nger%2fcli.logger/-/cli.logger-0.0.2.tgz#22e3df5e1326c9f5c42ae580f7ff60771bcdbd26"
  integrity sha512-/Y2cuQ13NK07b8dXwfwK3EiUyJ8ru4Iw3hNb1RwVmNcKqYmTlsiWSXAbBDsb+KpzfJpJ4DiJlmjIAcJ8TG2zrg==
  dependencies:
    "@nger/cli.json" "^0.0.1"

"@types/ajv@^1.0.0":
  version "1.0.0"
  resolved "http://10.0.0.202:9008/@types%2fajv/-/ajv-1.0.0.tgz#4fb2440742f2f6c30e7fb0797b839fc6f696682a"
  integrity sha1-T7JEB0Ly9sMOf7B5e4OfxvaWaCo=
  dependencies:
    ajv "*"

ajv@*, ajv@^6.10.2:
  version "6.10.2"
  resolved "http://10.0.0.202:9008/ajv/-/ajv-6.10.2.tgz#d3cea04d6b017b2894ad69040fec8b623eb4bd52"
  integrity sha1-086gTWsBeyiUrWkED+yLYj60vVI=
  dependencies:
    fast-deep-equal "^2.0.1"
    fast-json-stable-stringify "^2.0.0"
    json-schema-traverse "^0.4.1"
    uri-js "^4.2.2"

fast-deep-equal@^2.0.1:
  version "2.0.1"
  resolved "http://10.0.0.202:9008/fast-deep-equal/-/fast-deep-equal-2.0.1.tgz#7b05218ddf9667bf7f370bf7fdb2cb15fdd0aa49"
  integrity sha1-ewUhjd+WZ79/Nwv3/bLLFf3Qqkk=

fast-json-stable-stringify@^2.0.0:
  version "2.1.0"
  resolved "http://10.0.0.202:9008/fast-json-stable-stringify/-/fast-json-stable-stringify-2.1.0.tgz#874bf69c6f404c2b5d99c481341399fd55892633"
  integrity sha1-h0v2nG9ATCtdmcSBNBOZ/VWJJjM=

json-schema-traverse@^0.4.1:
  version "0.4.1"
  resolved "http://10.0.0.202:9008/json-schema-traverse/-/json-schema-traverse-0.4.1.tgz#69f6a87d9513ab8bb8fe63bdb0979c448e684660"
  integrity sha1-afaofZUTq4u4/mO9sJecRI5oRmA=

punycode@^2.1.0:
  version "2.1.1"
  resolved "http://10.0.0.202:9008/punycode/-/punycode-2.1.1.tgz#b58b010ac40c22c5657616c8d2c2c02c7bf479ec"
  integrity sha1-tYsBCsQMIsVldhbI0sLALHv0eew=

uri-js@^4.2.2:
  version "4.2.2"
  resolved "http://10.0.0.202:9008/uri-js/-/uri-js-4.2.2.tgz#94c540e1ff772956e2299507c010aea6c8838eb0"
  integrity sha1-lMVA4f93KVbiKZUHwBCupsiDjrA=
  dependencies:
    punycode "^2.1.0"
