# THIS IS AN AUTOGENERATED FILE. DO NOT EDIT THIS FILE DIRECTLY.
# yarn lockfile v1


"@nger/decorator@^1.0.2":
  version "1.0.9"
  resolved "https://registry.yarnpkg.com/@nger/decorator/-/decorator-1.0.9.tgz#a8e5192163570f98dcccfebe110f349797cb0713"
  integrity sha512-7v03hrugDIGxbUTky3mWGXRkbyFoyXHYuFO9wAksj4bx+sQy9q4OXZmgLSzBcNqRozfzzvMnO8zFIAuZH2wM5g==
  dependencies:
    nger-di "^1.0.9"
    reflect-metadata "^0.1.13"

"@types/yargs-parser@^13.1.0":
  version "13.1.0"
  resolved "https://registry.yarnpkg.com/@types/yargs-parser/-/yargs-parser-13.1.0.tgz#c563aa192f39350a1d18da36c5a8da382bbd8228"
  integrity sha512-gCubfBUZ6KxzoibJ+SCUc/57Ms1jz5NjHe4+dI2krNmU5zCPAphyLJYyTOg06ueIyfj+SaCUqmzun7ImlxDcKg==

camelcase@^5.0.0:
  version "5.3.1"
  resolved "https://registry.yarnpkg.com/camelcase/-/camelcase-5.3.1.tgz#e3c9b31569e106811df242f715725a1f4c494320"
  integrity sha512-L28STB170nwWS63UjtlEOE3dldQApaJXZkOI1uMFfzf3rRuPegHaHesyee+YxQ+W6SvRDQV6UrdOdRiR153wJg==

decamelize@^1.2.0:
  version "1.2.0"
  resolved "https://registry.yarnpkg.com/decamelize/-/decamelize-1.2.0.tgz#f6534d15148269b20352e7bee26f501f9a191290"
  integrity sha1-9lNNFRSCabIDUue+4m9QH5oZEpA=

nger-di@^1.0.9:
  version "1.0.15"
  resolved "https://registry.yarnpkg.com/nger-di/-/nger-di-1.0.15.tgz#515b054de86d27cd929af5740629c5fc0762bdb1"
  integrity sha512-0hXIK7UNfr1IAF4KZpJjHcqO0/PwKOxVW6OVKHqdTboPLYduW26Lcgg5MoRf+s7TWm7iMJk0ev8mInbkdd0xeg==

reflect-metadata@^0.1.13:
  version "0.1.13"
  resolved "https://registry.yarnpkg.com/reflect-metadata/-/reflect-metadata-0.1.13.tgz#67ae3ca57c972a2aa1642b10fe363fe32d49dc08"
  integrity sha512-Ts1Y/anZELhSsjMcU605fU9RE4Oi3p5ORujwbIKXfWa+0Zxs510Qrmrce5/Jowq3cHSZSJqBjypxmHarc+vEWg==

yargs-parser@^16.1.0:
  version "16.1.0"
  resolved "https://registry.yarnpkg.com/yargs-parser/-/yargs-parser-16.1.0.tgz#73747d53ae187e7b8dbe333f95714c76ea00ecf1"
  integrity sha512-H/V41UNZQPkUMIT5h5hiwg4QKIY1RPvoBV4XcjUbRM8Bk2oKqqyZ0DIEbTFZB0XjbtSPG8SAa/0DxCQmiRgzKg==
  dependencies:
    camelcase "^5.0.0"
    decamelize "^1.2.0"
