# THIS IS AN AUTOGENERATED FILE. DO NOT EDIT THIS FILE DIRECTLY.
# yarn lockfile v1


"@types/supports-color@^5.3.0":
  version "5.3.0"
  resolved "http://10.0.0.202:9008/@types%2fsupports-color/-/supports-color-5.3.0.tgz#eb6a52e9531fb3ebcd401cec774d1bdfb571f793"
  integrity sha1-62pS6VMfs+vNQBzsd00b37Vx95M=

has-flag@^4.0.0:
  version "4.0.0"
  resolved "http://10.0.0.202:9008/has-flag/-/has-flag-4.0.0.tgz#944771fd9c81c81265c4d6941860da06bb59479b"
  integrity sha1-lEdx/ZyByBJlxNaUGGDaBrtZR5s=

supports-color@^7.1.0:
  version "7.1.0"
  resolved "http://10.0.0.202:9008/supports-color/-/supports-color-7.1.0.tgz#68e32591df73e25ad1c4b49108a2ec507962bfd1"
  integrity sha1-aOMlkd9z4lrRxLSRCKLsUHliv9E=
  dependencies:
    has-flag "^4.0.0"
