# THIS IS AN AUTOGENERATED FILE. DO NOT EDIT THIS FILE DIRECTLY.
# yarn lockfile v1


"@nger/cli.exception@^0.0.2":
  version "0.0.2"
  resolved "http://10.0.0.202:9008/@nger%2fcli.exception/-/cli.exception-0.0.2.tgz#b98821ba1763e30719ba10b96770150bb524a22d"
  integrity sha512-g1zpWb9+FmN0CibdGSqBk0a5EPLOvK/cM/gis03lxo/i9c8e/uo4QoNHo0dEIDahW6Gms6w/ahABLJf85cpzkQ==

"@nger/cli.utils@^0.0.2":
  version "0.0.2"
  resolved "http://10.0.0.202:9008/@nger%2fcli.utils/-/cli.utils-0.0.2.tgz#a9a87a73dc07b8d477840cda27d217769f9b7db1"
  integrity sha512-pd3Cd087lJzne8f1QDAhV34JcwVs2UzJz4D02lmed7MDWwlxEM+J0xF4pwzlM2h1yEoVfw/9Y2Bn8Qvr5eElwg==
  dependencies:
    "@types/source-map" "^0.5.7"
    source-map "^0.7.3"

"@types/source-map@^0.5.7":
  version "0.5.7"
  resolved "http://10.0.0.202:9008/@types%2fsource-map/-/source-map-0.5.7.tgz#165eeb583c1ef00196fe4ef4da5d7832b03b275b"
  integrity sha1-Fl7rWDwe8AGW/k702l14MrA7J1s=
  dependencies:
    source-map "*"

source-map@*, source-map@^0.7.3:
  version "0.7.3"
  resolved "http://10.0.0.202:9008/source-map/-/source-map-0.7.3.tgz#5302f8169031735226544092e64981f751750383"
  integrity sha1-UwL4FpAxc1ImVECS5kmB91F1A4M=
