# THIS IS AN AUTOGENERATED FILE. DO NOT EDIT THIS FILE DIRECTLY.
# yarn lockfile v1


"@types/source-map@^0.5.7":
  version "0.5.7"
  resolved "http://10.0.0.202:9008/@types%2fsource-map/-/source-map-0.5.7.tgz#165eeb583c1ef00196fe4ef4da5d7832b03b275b"
  integrity sha1-Fl7rWDwe8AGW/k702l14MrA7J1s=
  dependencies:
    source-map "*"

source-map@*, source-map@^0.7.3:
  version "0.7.3"
  resolved "http://10.0.0.202:9008/source-map/-/source-map-0.7.3.tgz#5302f8169031735226544092e64981f751750383"
  integrity sha1-UwL4FpAxc1ImVECS5kmB91F1A4M=
